
Microsoft Visual Studio Solution File, Format Version 12.00
# Visual Studio 15
VisualStudioVersion = 15.0.26730.16
MinimumVisualStudioVersion = 10.0.40219.1
Project("{9A19103F-16F7-4668-BE54-9A1E7A4F7556}") = "Northwind", "Northwind\Northwind.csproj", "{DE9C05EF-0B57-40C1-B25F-8417F8BE31A4}"
EndProject
Project("{9A19103F-16F7-4668-BE54-9A1E7A4F7556}") = "NorthwindBL", "ClassLibrary1\NorthwindBL.csproj", "{00DF9F6C-5117-425A-9E73-95D6065FD71D}"
EndProject
Project("{FAE04EC0-301F-11D3-BF4B-00C04F79EFBC}") = "UnitTestProject1", "UnitTestProject1\UnitTestProject1.csproj", "{AD00F828-B2A4-4BEC-93D5-19868CCDDC3C}"
EndProject
Global
	GlobalSection(SolutionConfigurationPlatforms) = preSolution
		Debug|Any CPU = Debug|Any CPU
		Release|Any CPU = Release|Any CPU
	EndGlobalSection
	GlobalSection(ProjectConfigurationPlatforms) = postSolution
		{DE9C05EF-0B57-40C1-B25F-8417F8BE31A4}.Debug|Any CPU.ActiveCfg = Debug|Any CPU
		{DE9C05EF-0B57-40C1-B25F-8417F8BE31A4}.Debug|Any CPU.Build.0 = Debug|Any CPU
		{DE9C05EF-0B57-40C1-B25F-8417F8BE31A4}.Release|Any CPU.ActiveCfg = Release|Any CPU
		{DE9C05EF-0B57-40C1-B25F-8417F8BE31A4}.Release|Any CPU.Build.0 = Release|Any CPU
		{00DF9F6C-5117-425A-9E73-95D6065FD71D}.Debug|Any CPU.ActiveCfg = Debug|Any CPU
		{00DF9F6C-5117-425A-9E73-95D6065FD71D}.Debug|Any CPU.Build.0 = Debug|Any CPU
		{00DF9F6C-5117-425A-9E73-95D6065FD71D}.Release|Any CPU.ActiveCfg = Release|Any CPU
		{00DF9F6C-5117-425A-9E73-95D6065FD71D}.Release|Any CPU.Build.0 = Release|Any CPU
		{AD00F828-B2A4-4BEC-93D5-19868CCDDC3C}.Debug|Any CPU.ActiveCfg = Debug|Any CPU
		{AD00F828-B2A4-4BEC-93D5-19868CCDDC3C}.Debug|Any CPU.Build.0 = Debug|Any CPU
		{AD00F828-B2A4-4BEC-93D5-19868CCDDC3C}.Release|Any CPU.ActiveCfg = Release|Any CPU
		{AD00F828-B2A4-4BEC-93D5-19868CCDDC3C}.Release|Any CPU.Build.0 = Release|Any CPU
	EndGlobalSection
	GlobalSection(SolutionProperties) = preSolution
		HideSolutionNode = FALSE
	EndGlobalSection
	GlobalSection(ExtensibilityGlobals) = postSolution
		SolutionGuid = {4B626938-1F4A-415C-9B69-EB77EAD526C4}
	EndGlobalSection
EndGlobal
